
Microsoft Visual Studio Solution File, Format Version 12.00
# Visual Studio Version 17
VisualStudioVersion = 17.13.35931.197 d17.13
MinimumVisualStudioVersion = 10.0.40219.1
Project("{FAE04EC0-301F-11D3-BF4B-00C04F79EFBC}") = "City_Bus_Management_System", "City_Bus_Management_System\City_Bus_Management_System.csproj", "{967FB8AC-8343-477F-9BA2-D81FAB4326D9}"
EndProject
Global
	GlobalSection(SolutionConfigurationPlatforms) = preSolution
		Debug|Any CPU = Debug|Any CPU
		Release|Any CPU = Release|Any CPU
	EndGlobalSection
	GlobalSection(ProjectConfigurationPlatforms) = postSolution
		{967FB8AC-8343-477F-9BA2-D81FAB4326D9}.Debug|Any CPU.ActiveCfg = Debug|Any CPU
		{967FB8AC-8343-477F-9BA2-D81FAB4326D9}.Debug|Any CPU.Build.0 = Debug|Any CPU
		{967FB8AC-8343-477F-9BA2-D81FAB4326D9}.Release|Any CPU.ActiveCfg = Release|Any CPU
		{967FB8AC-8343-477F-9BA2-D81FAB4326D9}.Release|Any CPU.Build.0 = Release|Any CPU
	EndGlobalSection
	GlobalSection(SolutionProperties) = preSolution
		HideSolutionNode = FALSE
	EndGlobalSection
	GlobalSection(ExtensibilityGlobals) = postSolution
		SolutionGuid = {99841503-DCE8-4128-B2C7-F60B359622C1}
	EndGlobalSection
EndGlobal
